{
    "_meta": {
        "hash": {
            "sha256": "fb8bfd79536a6df9a5c8ed242895073741c2f20f1f1bf24a87641a339e8a3686"
        },
        "pipfile-spec": 6,
        "requires": {
            "python_version": "3.10"
        },
        "sources": [
            {
                "name": "pypi",
                "url": "https://pypi.org/simple",
                "verify_ssl": true
            }
        ]
    },
    "default": {
        "asgiref": {
            "hashes": [
                "sha256:1d2880b792ae8757289136f1db2b7b99100ce959b2aa57fd69dab783d05afac4",
                "sha256:4a29362a6acebe09bf1d6640db38c1dc3d9217c68e6f9f6204d72667fc19a424"
            ],
            "markers": "python_version >= '3.7'",
            "version": "==3.5.2"
        },
        "django": {
            "hashes": [
                "sha256:41bd65a9e5f8a89cdbfa7a7bba45cd7431ae89e750af82dea8a35fd1a7ecbe66",
                "sha256:9c6d5ad36be798e562ddcaa6b17b1c3ff2d3c4f529a47432b69fb9a30f847461"
            ],
            "index": "pypi",
            "version": "==4.0.7"
        },
        "django-listing": {
            "editable": true,
            "path": "./.."
        },
        "sanitized-package": {
            "editable": true,
            "path": "./.."
        },
        "sqlparse": {
            "hashes": [
                "sha256:0c00730c74263a94e5a9919ade150dfc3b19c574389985446148402998287dae",
                "sha256:48719e356bb8b42991bdbb1e8b83223757b93789c00910a616a071910ca4a64d"
            ],
            "markers": "python_version >= '3.5'",
            "version": "==0.4.2"
        },
        "tablib": {
            "hashes": [
                "sha256:870d7e688f738531a14937a055e8bba404fbc388e77d4d500b2c904075d1019c",
                "sha256:a57f2770b8c225febec1cb1e65012a69cf30dd28be810e0ff98d024768c7d0f1"
            ],
            "markers": "python_version >= '3.7'",
            "version": "==3.2.1"
        }
    },
    "develop": {}
}
